Microsoft Visual Studio Solution File, Format Version 12.00
# Visual Studio 2012
Project("{FAE04EC0-301F-11D3-BF4B-00C04F79EFBC}") = "dodge_the_creeps", "dodge_the_creeps.csproj", "{35E2F375-DA95-4C52-ACE8-FA700330E6D2}"
EndProject
Project("{F2A71F9B-5D33-465A-A702-920D77279786}") = "fsharp", "fsharp\fsharp.fsproj", "{8B2C40E6-423B-4248-9EE5-705D6B3B045C}"
EndProject
Global
	GlobalSection(SolutionConfigurationPlatforms) = preSolution
		Debug|Any CPU = Debug|Any CPU
		ExportDebug|Any CPU = ExportDebug|Any CPU
		ExportRelease|Any CPU = ExportRelease|Any CPU
	EndGlobalSection
	GlobalSection(ProjectConfigurationPlatforms) = postSolution
		{35E2F375-DA95-4C52-ACE8-FA700330E6D2}.Debug|Any CPU.ActiveCfg = Debug|Any CPU
		{35E2F375-DA95-4C52-ACE8-FA700330E6D2}.Debug|Any CPU.Build.0 = Debug|Any CPU
		{35E2F375-DA95-4C52-ACE8-FA700330E6D2}.ExportDebug|Any CPU.ActiveCfg = ExportDebug|Any CPU
		{35E2F375-DA95-4C52-ACE8-FA700330E6D2}.ExportDebug|Any CPU.Build.0 = ExportDebug|Any CPU
		{35E2F375-DA95-4C52-ACE8-FA700330E6D2}.ExportRelease|Any CPU.ActiveCfg = ExportRelease|Any CPU
		{35E2F375-DA95-4C52-ACE8-FA700330E6D2}.ExportRelease|Any CPU.Build.0 = ExportRelease|Any CPU
		{8B2C40E6-423B-4248-9EE5-705D6B3B045C}.Debug|Any CPU.ActiveCfg = Debug|Any CPU
		{8B2C40E6-423B-4248-9EE5-705D6B3B045C}.Debug|Any CPU.Build.0 = Debug|Any CPU
		{8B2C40E6-423B-4248-9EE5-705D6B3B045C}.ExportDebug|Any CPU.ActiveCfg = ExportDebug|Any CPU
		{8B2C40E6-423B-4248-9EE5-705D6B3B045C}.ExportDebug|Any CPU.Build.0 = ExportDebug|Any CPU
		{8B2C40E6-423B-4248-9EE5-705D6B3B045C}.ExportRelease|Any CPU.ActiveCfg = ExportRelease|Any CPU
		{8B2C40E6-423B-4248-9EE5-705D6B3B045C}.ExportRelease|Any CPU.Build.0 = ExportRelease|Any CPU
	EndGlobalSection
EndGlobal
